// !$*UTF8*$!
{
	archiveVersion = 1;
	classes = {
	};
	objectVersion = 77;
	objects = {

/* Begin PBXBuildFile section */
		06BB2B536F283725BA6F8B7E /* Sora-ExtraBold.ttf in Resources */ = {isa = PBXBuildFile; fileRef = 4164BBD1286568CEDE31CB33 /* Sora-ExtraBold.ttf */; };
		0BFE50F22AA18DF0E9CF4B6D /* SplashView.swift in Sources */ = {isa = PBXBuildFile; fileRef = 7256C8980E61889615CD76E9 /* SplashView.swift */; };
		0EE9C0C9309B44581772883B /* Sora-SemiBold.ttf in Resources */ = {isa = PBXBuildFile; fileRef = 63E197FD14DB8AB5233106E5 /* Sora-SemiBold.ttf */; };
		143947C2DB02D555510435F8 /* Sora-Regular.ttf in Resources */ = {isa = PBXBuildFile; fileRef = 3B784440F6056C3FEA20210B /* Sora-Regular.ttf */; };
		1D392AEB037474F1EF274518 /* Assets.xcassets in Resources */ = {isa = PBXBuildFile; fileRef = 99E5AC21796F9C2EF320F970 /* Assets.xcassets */; };
		202512E2293E68F84B56B697 /* GameView.swift in Sources */ = {isa = PBXBuildFile; fileRef = F39A81D67A8BA9828DA62EB2 /* GameView.swift */; };
		20740E363B2460D6BF943F3E /* SoundEngine.swift in Sources */ = {isa = PBXBuildFile; fileRef = A2824069D008A4B702A8F122 /* SoundEngine.swift */; };
		2286D8C928D1381E2E76A3B3 /* HelpView.swift in Sources */ = {isa = PBXBuildFile; fileRef = F7FA862E5612C3419D8C62AE /* HelpView.swift */; };
		26FC80C9EB5C6614F0891537 /* Sora-Bold.ttf in Resources */ = {isa = PBXBuildFile; fileRef = 54BD15D390EC3A6EF0A6F8C7 /* Sora-Bold.ttf */; };
		51469F59F6568A05C2130EF3 /* ChessBoardView.swift in Sources */ = {isa = PBXBuildFile; fileRef = 343B944503A26D4075A72B70 /* ChessBoardView.swift */; };
		6091793E2034EB27BECB9336 /* GameViewModel.swift in Sources */ = {isa = PBXBuildFile; fileRef = A6A18E8588D2A5CAE73A22A8 /* GameViewModel.swift */; };
		648EB1B3EF9E0F18AB241066 /* TutorialView.swift in Sources */ = {isa = PBXBuildFile; fileRef = 120007563972E39D33D16EC9 /* TutorialView.swift */; };
		6FD66C12E89D0A4227A3CAE6 /* Localization.swift in Sources */ = {isa = PBXBuildFile; fileRef = A27F9941C19DFE081E56FE49 /* Localization.swift */; };
		7EBDC5E951DE0E1CAD20E252 /* Theme.swift in Sources */ = {isa = PBXBuildFile; fileRef = BB83797392404B944C3FA3DF /* Theme.swift */; };
		A1F1032C5373A286B148010E /* OFL.txt in Resources */ = {isa = PBXBuildFile; fileRef = 7A183396A009214E471C8424 /* OFL.txt */; };
		D040358F387D299CDAA80C4A /* ChessAI.swift in Sources */ = {isa = PBXBuildFile; fileRef = 53749EBDA35DA3FF7607E331 /* ChessAI.swift */; };
		D1D0081AFC7D015FFE67EA31 /* ChessEngine.swift in Sources */ = {isa = PBXBuildFile; fileRef = 9038AB5C682B7203B812CADE /* ChessEngine.swift */; };
		FD3B1AD080518BD13119907C /* iXadrezApp.swift in Sources */ = {isa = PBXBuildFile; fileRef = 6C1F4AB7CA5015A0DD50DDAE /* iXadrezApp.swift */; };
		FDCEAD3A26F9F3095614945F /* MainMenuView.swift in Sources */ = {isa = PBXBuildFile; fileRef = FAA4EE63C9220A8F4240CD7E /* MainMenuView.swift */; };
/* End PBXBuildFile section */

/* Begin PBXFileReference section */
		120007563972E39D33D16EC9 /* TutorialView.swift */ = {isa = PBXFileReference; lastKnownFileType = sourcecode.swift; path = TutorialView.swift; sourceTree = "<group>"; };
		343B944503A26D4075A72B70 /* ChessBoardView.swift */ = {isa = PBXFileReference; lastKnownFileType = sourcecode.swift; path = ChessBoardView.swift; sourceTree = "<group>"; };
		3B784440F6056C3FEA20210B /* Sora-Regular.ttf */ = {isa = PBXFileReference; lastKnownFileType = file; path = "Sora-Regular.ttf"; sourceTree = "<group>"; };
		4164BBD1286568CEDE31CB33 /* Sora-ExtraBold.ttf */ = {isa = PBXFileReference; lastKnownFileType = file; path = "Sora-ExtraBold.ttf"; sourceTree = "<group>"; };
		53749EBDA35DA3FF7607E331 /* ChessAI.swift */ = {isa = PBXFileReference; lastKnownFileType = sourcecode.swift; path = ChessAI.swift; sourceTree = "<group>"; };
		54BD15D390EC3A6EF0A6F8C7 /* Sora-Bold.ttf */ = {isa = PBXFileReference; lastKnownFileType = file; path = "Sora-Bold.ttf"; sourceTree = "<group>"; };
		63E197FD14DB8AB5233106E5 /* Sora-SemiBold.ttf */ = {isa = PBXFileReference; lastKnownFileType = file; path = "Sora-SemiBold.ttf"; sourceTree = "<group>"; };
		6C1F4AB7CA5015A0DD50DDAE /* iXadrezApp.swift */ = {isa = PBXFileReference; lastKnownFileType = sourcecode.swift; path = iXadrezApp.swift; sourceTree = "<group>"; };
		7256C8980E61889615CD76E9 /* SplashView.swift */ = {isa = PBXFileReference; lastKnownFileType = sourcecode.swift; path = SplashView.swift; sourceTree = "<group>"; };
		7A183396A009214E471C8424 /* OFL.txt */ = {isa = PBXFileReference; lastKnownFileType = text; path = OFL.txt; sourceTree = "<group>"; };
		9038AB5C682B7203B812CADE /* ChessEngine.swift */ = {isa = PBXFileReference; lastKnownFileType = sourcecode.swift; path = ChessEngine.swift; sourceTree = "<group>"; };
		9148F34EBAEB447922365A6A /* iXadrez.app */ = {isa = PBXFileReference; explicitFileType = wrapper.application; includeInIndex = 0; path = iXadrez.app; sourceTree = BUILT_PRODUCTS_DIR; };
		99E5AC21796F9C2EF320F970 /* Assets.xcassets */ = {isa = PBXFileReference; lastKnownFileType = folder.assetcatalog; path = Assets.xcassets; sourceTree = "<group>"; };
		A27F9941C19DFE081E56FE49 /* Localization.swift */ = {isa = PBXFileReference; lastKnownFileType = sourcecode.swift; path = Localization.swift; sourceTree = "<group>"; };
		A2824069D008A4B702A8F122 /* SoundEngine.swift */ = {isa = PBXFileReference; lastKnownFileType = sourcecode.swift; path = SoundEngine.swift; sourceTree = "<group>"; };
		A6A18E8588D2A5CAE73A22A8 /* GameViewModel.swift */ = {isa = PBXFileReference; lastKnownFileType = sourcecode.swift; path = GameViewModel.swift; sourceTree = "<group>"; };
		BB83797392404B944C3FA3DF /* Theme.swift */ = {isa = PBXFileReference; lastKnownFileType = sourcecode.swift; path = Theme.swift; sourceTree = "<group>"; };
		F39A81D67A8BA9828DA62EB2 /* GameView.swift */ = {isa = PBXFileReference; lastKnownFileType = sourcecode.swift; path = GameView.swift; sourceTree = "<group>"; };
		F7FA862E5612C3419D8C62AE /* HelpView.swift */ = {isa = PBXFileReference; lastKnownFileType = sourcecode.swift; path = HelpView.swift; sourceTree = "<group>"; };
		FAA4EE63C9220A8F4240CD7E /* MainMenuView.swift */ = {isa = PBXFileReference; lastKnownFileType = sourcecode.swift; path = MainMenuView.swift; sourceTree = "<group>"; };
/* End PBXFileReference section */

/* Begin PBXGroup section */
		6ED157797B4FD66D3F8268E8 /* iXadrez */ = {
			isa = PBXGroup;
			children = (
				99E5AC21796F9C2EF320F970 /* Assets.xcassets */,
				53749EBDA35DA3FF7607E331 /* ChessAI.swift */,
				343B944503A26D4075A72B70 /* ChessBoardView.swift */,
				9038AB5C682B7203B812CADE /* ChessEngine.swift */,
				F39A81D67A8BA9828DA62EB2 /* GameView.swift */,
				A6A18E8588D2A5CAE73A22A8 /* GameViewModel.swift */,
				F7FA862E5612C3419D8C62AE /* HelpView.swift */,
				6C1F4AB7CA5015A0DD50DDAE /* iXadrezApp.swift */,
				A27F9941C19DFE081E56FE49 /* Localization.swift */,
				FAA4EE63C9220A8F4240CD7E /* MainMenuView.swift */,
				A2824069D008A4B702A8F122 /* SoundEngine.swift */,
				7256C8980E61889615CD76E9 /* SplashView.swift */,
				BB83797392404B944C3FA3DF /* Theme.swift */,
				120007563972E39D33D16EC9 /* TutorialView.swift */,
				D1342752637037E29C92273A /* Fonts */,
			);
			path = iXadrez;
			sourceTree = "<group>";
		};
		C8B98DD2140D7D3F14B1D03B /* Products */ = {
			isa = PBXGroup;
			children = (
				9148F34EBAEB447922365A6A /* iXadrez.app */,
			);
			name = Products;
			sourceTree = "<group>";
		};
		D1342752637037E29C92273A /* Fonts */ = {
			isa = PBXGroup;
			children = (
				7A183396A009214E471C8424 /* OFL.txt */,
				54BD15D390EC3A6EF0A6F8C7 /* Sora-Bold.ttf */,
				4164BBD1286568CEDE31CB33 /* Sora-ExtraBold.ttf */,
				3B784440F6056C3FEA20210B /* Sora-Regular.ttf */,
				63E197FD14DB8AB5233106E5 /* Sora-SemiBold.ttf */,
			);
			path = Fonts;
			sourceTree = "<group>";
		};
		DD341F6E884338553F36775E = {
			isa = PBXGroup;
			children = (
				6ED157797B4FD66D3F8268E8 /* iXadrez */,
				C8B98DD2140D7D3F14B1D03B /* Products */,
			);
			sourceTree = "<group>";
		};
/* End PBXGroup section */

/* Begin PBXNativeTarget section */
		B29F9A9960F22BA6647C829D /* iXadrez */ = {
			isa = PBXNativeTarget;
			buildConfigurationList = BE6DE86816BC07A11687029F /* Build configuration list for PBXNativeTarget "iXadrez" */;
			buildPhases = (
				64B0C6E2F781EF0D4DED6824 /* Sources */,
				CB199A5A67A1A6D2D6561FEC /* Resources */,
			);
			buildRules = (
			);
			dependencies = (
			);
			name = iXadrez;
			packageProductDependencies = (
			);
			productName = iXadrez;
			productReference = 9148F34EBAEB447922365A6A /* iXadrez.app */;
			productType = "com.apple.product-type.application";
		};
/* End PBXNativeTarget section */

/* Begin PBXProject section */
		AD35E3D3D46B4A409FD2DEFC /* Project object */ = {
			isa = PBXProject;
			attributes = {
				BuildIndependentTargetsInParallel = YES;
				LastUpgradeCheck = 1430;
				TargetAttributes = {
					B29F9A9960F22BA6647C829D = {
						ProvisioningStyle = Automatic;
					};
				};
			};
			buildConfigurationList = 3D82EB5DD647E6D36A6CBAA5 /* Build configuration list for PBXProject "iXadrez" */;
			developmentRegion = en;
			hasScannedForEncodings = 0;
			knownRegions = (
				Base,
				en,
			);
			mainGroup = DD341F6E884338553F36775E;
			minimizedProjectReferenceProxies = 1;
			preferredProjectObjectVersion = 77;
			productRefGroup = C8B98DD2140D7D3F14B1D03B /* Products */;
			projectDirPath = "";
			projectRoot = "";
			targets = (
				B29F9A9960F22BA6647C829D /* iXadrez */,
			);
		};
/* End PBXProject section */

/* Begin PBXResourcesBuildPhase section */
		CB199A5A67A1A6D2D6561FEC /* Resources */ = {
			isa = PBXResourcesBuildPhase;
			buildActionMask = 2147483647;
			files = (
				1D392AEB037474F1EF274518 /* Assets.xcassets in Resources */,
				A1F1032C5373A286B148010E /* OFL.txt in Resources */,
				26FC80C9EB5C6614F0891537 /* Sora-Bold.ttf in Resources */,
				06BB2B536F283725BA6F8B7E /* Sora-ExtraBold.ttf in Resources */,
				143947C2DB02D555510435F8 /* Sora-Regular.ttf in Resources */,
				0EE9C0C9309B44581772883B /* Sora-SemiBold.ttf in Resources */,
			);
			runOnlyForDeploymentPostprocessing = 0;
		};
/* End PBXResourcesBuildPhase section */

/* Begin PBXSourcesBuildPhase section */
		64B0C6E2F781EF0D4DED6824 /* Sources */ = {
			isa = PBXSourcesBuildPhase;
			buildActionMask = 2147483647;
			files = (
				D040358F387D299CDAA80C4A /* ChessAI.swift in Sources */,
				51469F59F6568A05C2130EF3 /* ChessBoardView.swift in Sources */,
				D1D0081AFC7D015FFE67EA31 /* ChessEngine.swift in Sources */,
				202512E2293E68F84B56B697 /* GameView.swift in Sources */,
				6091793E2034EB27BECB9336 /* GameViewModel.swift in Sources */,
				2286D8C928D1381E2E76A3B3 /* HelpView.swift in Sources */,
				6FD66C12E89D0A4227A3CAE6 /* Localization.swift in Sources */,
				FDCEAD3A26F9F3095614945F /* MainMenuView.swift in Sources */,
				20740E363B2460D6BF943F3E /* SoundEngine.swift in Sources */,
				0BFE50F22AA18DF0E9CF4B6D /* SplashView.swift in Sources */,
				7EBDC5E951DE0E1CAD20E252 /* Theme.swift in Sources */,
				648EB1B3EF9E0F18AB241066 /* TutorialView.swift in Sources */,
				FD3B1AD080518BD13119907C /* iXadrezApp.swift in Sources */,
			);
			runOnlyForDeploymentPostprocessing = 0;
		};
/* End PBXSourcesBuildPhase section */

/* Begin XCBuildConfiguration section */
		46F23CF5F3DCFBF36CF2D2B3 /* Release */ = {
			isa = XCBuildConfiguration;
			buildSettings = {
				ALWAYS_SEARCH_USER_PATHS = NO;
				CLANG_ANALYZER_NONNULL = YES;
				CLANG_ANALYZER_NUMBER_OBJECT_CONVERSION = YES_AGGRESSIVE;
				CLANG_CXX_LANGUAGE_STANDARD = "gnu++14";
				CLANG_CXX_LIBRARY = "libc++";
				CLANG_ENABLE_MODULES = YES;
				CLANG_ENABLE_OBJC_ARC = YES;
				CLANG_ENABLE_OBJC_WEAK = YES;
				CLANG_WARN_BLOCK_CAPTURE_AUTORELEASING = YES;
				CLANG_WARN_BOOL_CONVERSION = YES;
				CLANG_WARN_COMMA = YES;
				CLANG_WARN_CONSTANT_CONVERSION = YES;
				CLANG_WARN_DEPRECATED_OBJC_IMPLEMENTATIONS = YES;
				CLANG_WARN_DIRECT_OBJC_ISA_USAGE = YES_ERROR;
				CLANG_WARN_DOCUMENTATION_COMMENTS = YES;
				CLANG_WARN_EMPTY_BODY = YES;
				CLANG_WARN_ENUM_CONVERSION = YES;
				CLANG_WARN_INFINITE_RECURSION = YES;
				CLANG_WARN_INT_CONVERSION = YES;
				CLANG_WARN_NON_LITERAL_NULL_CONVERSION = YES;
				CLANG_WARN_OBJC_IMPLICIT_RETAIN_SELF = YES;
				CLANG_WARN_OBJC_LITERAL_CONVERSION = YES;
				CLANG_WARN_OBJC_ROOT_CLASS = YES_ERROR;
				CLANG_WARN_QUOTED_INCLUDE_IN_FRAMEWORK_HEADER = YES;
				CLANG_WARN_RANGE_LOOP_ANALYSIS = YES;
				CLANG_WARN_STRICT_PROTOTYPES = YES;
				CLANG_WARN_SUSPICIOUS_MOVE = YES;
				CLANG_WARN_UNGUARDED_AVAILABILITY = YES_AGGRESSIVE;
				CLANG_WARN_UNREACHABLE_CODE = YES;
				CLANG_WARN__DUPLICATE_METHOD_MATCH = YES;
				COPY_PHASE_STRIP = NO;
				DEBUG_INFORMATION_FORMAT = "dwarf-with-dsym";
				ENABLE_NS_ASSERTIONS = NO;
				ENABLE_STRICT_OBJC_MSGSEND = YES;
				GCC_C_LANGUAGE_STANDARD = gnu11;
				GCC_NO_COMMON_BLOCKS = YES;
				GCC_WARN_64_TO_32_BIT_CONVERSION = YES;
				GCC_WARN_ABOUT_RETURN_TYPE = YES_ERROR;
				GCC_WARN_UNDECLARED_SELECTOR = YES;
				GCC_WARN_UNINITIALIZED_AUTOS = YES_AGGRESSIVE;
				GCC_WARN_UNUSED_FUNCTION = YES;
				GCC_WARN_UNUSED_VARIABLE = YES;
				IPHONEOS_DEPLOYMENT_TARGET = 16.0;
				MTL_ENABLE_DEBUG_INFO = NO;
				MTL_FAST_MATH = YES;
				PRODUCT_NAME = "$(TARGET_NAME)";
				SDKROOT = iphoneos;
				SWIFT_COMPILATION_MODE = wholemodule;
				SWIFT_OPTIMIZATION_LEVEL = "-O";
				SWIFT_VERSION = 5.0;
			};
			name = Release;
		};
		C1E052CE2F8167FCD6277AF3 /* Release */ = {
			isa = XCBuildConfiguration;
			buildSettings = {
				ASSETCATALOG_COMPILER_APPICON_NAME = AppIcon;
				ASSETCATALOG_COMPILER_GLOBAL_ACCENT_COLOR_NAME = AccentColor;
				CODE_SIGN_IDENTITY = "iPhone Developer";
				CODE_SIGN_STYLE = Automatic;
				DEVELOPMENT_TEAM = S769436W24;
				INFOPLIST_FILE = Generated/Info.plist;
				IPHONEOS_DEPLOYMENT_TARGET = 16.0;
				LD_RUNPATH_SEARCH_PATHS = (
					"$(inherited)",
					"@executable_path/Frameworks",
				);
				PRODUCT_BUNDLE_IDENTIFIER = com.vidi.iXadrez;
				SDKROOT = iphoneos;
				SWIFT_VERSION = 5.0;
				TARGETED_DEVICE_FAMILY = "1,2";
			};
			name = Release;
		};
		E3954D28360484D8A9FCC4EE /* Debug */ = {
			isa = XCBuildConfiguration;
			buildSettings = {
				ASSETCATALOG_COMPILER_APPICON_NAME = AppIcon;
				ASSETCATALOG_COMPILER_GLOBAL_ACCENT_COLOR_NAME = AccentColor;
				CODE_SIGN_IDENTITY = "iPhone Developer";
				CODE_SIGN_STYLE = Automatic;
				DEVELOPMENT_TEAM = S769436W24;
				INFOPLIST_FILE = Generated/Info.plist;
				IPHONEOS_DEPLOYMENT_TARGET = 16.0;
				LD_RUNPATH_SEARCH_PATHS = (
					"$(inherited)",
					"@executable_path/Frameworks",
				);
				PRODUCT_BUNDLE_IDENTIFIER = com.vidi.iXadrez;
				SDKROOT = iphoneos;
				SWIFT_VERSION = 5.0;
				TARGETED_DEVICE_FAMILY = "1,2";
			};
			name = Debug;
		};
		F6F7AB6861D38EB6C49EA446 /* Debug */ = {
			isa = XCBuildConfiguration;
			buildSettings = {
				ALWAYS_SEARCH_USER_PATHS = NO;
				CLANG_ANALYZER_NONNULL = YES;
				CLANG_ANALYZER_NUMBER_OBJECT_CONVERSION = YES_AGGRESSIVE;
				CLANG_CXX_LANGUAGE_STANDARD = "gnu++14";
				CLANG_CXX_LIBRARY = "libc++";
				CLANG_ENABLE_MODULES = YES;
				CLANG_ENABLE_OBJC_ARC = YES;
				CLANG_ENABLE_OBJC_WEAK = YES;
				CLANG_WARN_BLOCK_CAPTURE_AUTORELEASING = YES;
				CLANG_WARN_BOOL_CONVERSION = YES;
				CLANG_WARN_COMMA = YES;
				CLANG_WARN_CONSTANT_CONVERSION = YES;
				CLANG_WARN_DEPRECATED_OBJC_IMPLEMENTATIONS = YES;
				CLANG_WARN_DIRECT_OBJC_ISA_USAGE = YES_ERROR;
				CLANG_WARN_DOCUMENTATION_COMMENTS = YES;
				CLANG_WARN_EMPTY_BODY = YES;
				CLANG_WARN_ENUM_CONVERSION = YES;
				CLANG_WARN_INFINITE_RECURSION = YES;
				CLANG_WARN_INT_CONVERSION = YES;
				CLANG_WARN_NON_LITERAL_NULL_CONVERSION = YES;
				CLANG_WARN_OBJC_IMPLICIT_RETAIN_SELF = YES;
				CLANG_WARN_OBJC_LITERAL_CONVERSION = YES;
				CLANG_WARN_OBJC_ROOT_CLASS = YES_ERROR;
				CLANG_WARN_QUOTED_INCLUDE_IN_FRAMEWORK_HEADER = YES;
				CLANG_WARN_RANGE_LOOP_ANALYSIS = YES;
				CLANG_WARN_STRICT_PROTOTYPES = YES;
				CLANG_WARN_SUSPICIOUS_MOVE = YES;
				CLANG_WARN_UNGUARDED_AVAILABILITY = YES_AGGRESSIVE;
				CLANG_WARN_UNREACHABLE_CODE = YES;
				CLANG_WARN__DUPLICATE_METHOD_MATCH = YES;
				COPY_PHASE_STRIP = NO;
				DEBUG_INFORMATION_FORMAT = dwarf;
				ENABLE_STRICT_OBJC_MSGSEND = YES;
				ENABLE_TESTABILITY = YES;
				GCC_C_LANGUAGE_STANDARD = gnu11;
				GCC_DYNAMIC_NO_PIC = NO;
				GCC_NO_COMMON_BLOCKS = YES;
				GCC_OPTIMIZATION_LEVEL = 0;
				GCC_PREPROCESSOR_DEFINITIONS = (
					"$(inherited)",
					"DEBUG=1",
				);
				GCC_WARN_64_TO_32_BIT_CONVERSION = YES;
				GCC_WARN_ABOUT_RETURN_TYPE = YES_ERROR;
				GCC_WARN_UNDECLARED_SELECTOR = YES;
				GCC_WARN_UNINITIALIZED_AUTOS = YES_AGGRESSIVE;
				GCC_WARN_UNUSED_FUNCTION = YES;
				GCC_WARN_UNUSED_VARIABLE = YES;
				IPHONEOS_DEPLOYMENT_TARGET = 16.0;
				MTL_ENABLE_DEBUG_INFO = INCLUDE_SOURCE;
				MTL_FAST_MATH = YES;
				ONLY_ACTIVE_ARCH = YES;
				PRODUCT_NAME = "$(TARGET_NAME)";
				SDKROOT = iphoneos;
				SWIFT_ACTIVE_COMPILATION_CONDITIONS = DEBUG;
				SWIFT_OPTIMIZATION_LEVEL = "-Onone";
				SWIFT_VERSION = 5.0;
			};
			name = Debug;
		};
/* End XCBuildConfiguration section */

/* Begin XCConfigurationList section */
		3D82EB5DD647E6D36A6CBAA5 /* Build configuration list for PBXProject "iXadrez" */ = {
			isa = XCConfigurationList;
			buildConfigurations = (
				F6F7AB6861D38EB6C49EA446 /* Debug */,
				46F23CF5F3DCFBF36CF2D2B3 /* Release */,
			);
			defaultConfigurationIsVisible = 0;
			defaultConfigurationName = Debug;
		};
		BE6DE86816BC07A11687029F /* Build configuration list for PBXNativeTarget "iXadrez" */ = {
			isa = XCConfigurationList;
			buildConfigurations = (
				E3954D28360484D8A9FCC4EE /* Debug */,
				C1E052CE2F8167FCD6277AF3 /* Release */,
			);
			defaultConfigurationIsVisible = 0;
			defaultConfigurationName = Debug;
		};
/* End XCConfigurationList section */
	};
	rootObject = AD35E3D3D46B4A409FD2DEFC /* Project object */;
}
